
Microsoft Visual Studio Solution File, Format Version 12.00
# Visual Studio Version 16
VisualStudioVersion = 16.0.31410.357
MinimumVisualStudioVersion = 10.0.40219.1
Project("{FAE04EC0-301F-11D3-BF4B-00C04F79EFBC}") = "FactoryDesignExerciseTwo", "FactoryDesignExerciseTwo\FactoryDesignExerciseTwo.csproj", "{F511CE24-0347-46C6-8374-A4F34BF2B69C}"
EndProject
Global
	GlobalSection(SolutionConfigurationPlatforms) = preSolution
		Debug|Any CPU = Debug|Any CPU
		Release|Any CPU = Release|Any CPU
	EndGlobalSection
	GlobalSection(ProjectConfigurationPlatforms) = postSolution
		{F511CE24-0347-46C6-8374-A4F34BF2B69C}.Debug|Any CPU.ActiveCfg = Debug|Any CPU
		{F511CE24-0347-46C6-8374-A4F34BF2B69C}.Debug|Any CPU.Build.0 = Debug|Any CPU
		{F511CE24-0347-46C6-8374-A4F34BF2B69C}.Release|Any CPU.ActiveCfg = Release|Any CPU
		{F511CE24-0347-46C6-8374-A4F34BF2B69C}.Release|Any CPU.Build.0 = Release|Any CPU
	EndGlobalSection
	GlobalSection(SolutionProperties) = preSolution
		HideSolutionNode = FALSE
	EndGlobalSection
	GlobalSection(ExtensibilityGlobals) = postSolution
		SolutionGuid = {05F8D16A-314A-4A31-9913-9D6427BCB1D6}
	EndGlobalSection
EndGlobal
